<?xml version="1.0" encoding="utf-8"?>
<Project ToolsVersion="4.0" xmlns="http://schemas.microsoft.com/developer/msbuild/2003">
  <ItemGroup>
    <ClCompile Include="Entry.cpp" />
    <ClCompile Include="Deps\Zydis\Zydis.c">
      <Filter>Deps\Zydis</Filter>
    </ClCompile>
  </ItemGroup>
  <ItemGroup>
    <ClInclude Include="Deps\Zydis\Zydis.h">
      <Filter>Deps\Zydis</Filter>
    </ClInclude>
    <ClInclude Include="EntryPoint.h">
      <Filter>Headers</Filter>
    </ClInclude>
    <ClInclude Include="PE.h">
      <Filter>Headers</Filter>
    </ClInclude>
    <ClInclude Include="Routine.h">
      <Filter>Headers</Filter>
    </ClInclude>
    <ClInclude Include="Stubs.h">
      <Filter>Headers</Filter>
    </ClInclude>
    <ClInclude Include="Utils.h">
      <Filter>Headers</Filter>
    </ClInclude>
    <ClInclude Include="Defines.h">
      <Filter>Headers</Filter>
    </ClInclude>
    <ClInclude Include="Parser.h">
      <Filter>Headers</Filter>
    </ClInclude>
  </ItemGroup>
  <ItemGroup>
    <Filter Include="Headers">
      <UniqueIdentifier>{da2ce173-7740-49d2-a2c0-1862f9ba0bf7}</UniqueIdentifier>
    </Filter>
    <Filter Include="Deps">
      <UniqueIdentifier>{b81ed0f1-0020-40b0-b245-a5dd8ec887dd}</UniqueIdentifier>
    </Filter>
    <Filter Include="Deps\Zydis">
      <UniqueIdentifier>{c0e7c193-7b7f-475d-bd38-cf526b9fb3b0}</UniqueIdentifier>
    </Filter>
  </ItemGroup>
</Project>