<?xml version="1.0" encoding="utf-8"?>
<Project ToolsVersion="4.0" xmlns="http://schemas.microsoft.com/developer/msbuild/2003">
  <ItemGroup>
    <ClCompile Include="Entry.cpp" />
    <ClCompile Include="Deps\Zydis\Zydis.c">
      <Filter>Deps\Zydis</Filter>
    </ClCompile>
    <ClCompile Include="Deps\ImGui\imgui.cpp" />
    <ClCompile Include="Deps\ImGui\imgui_draw.cpp" />
    <ClCompile Include="Deps\ImGui\imgui_impl_dx9.cpp" />
    <ClCompile Include="Deps\ImGui\imgui_impl_win32.cpp" />
    <ClCompile Include="Deps\ImGui\imgui_tables.cpp" />
    <ClCompile Include="Deps\ImGui\imgui_widgets.cpp" />
  </ItemGroup>
  <ItemGroup>
    <ClInclude Include="Deps\Zydis\Zydis.h">
      <Filter>Deps\Zydis</Filter>
    </ClInclude>
    <ClInclude Include="PE.h">
      <Filter>Headers</Filter>
    </ClInclude>
    <ClInclude Include="Routine.h">
      <Filter>Headers</Filter>
    </ClInclude>
    <ClInclude Include="Utils.h">
      <Filter>Headers</Filter>
    </ClInclude>
    <ClInclude Include="Defines.h">
      <Filter>Headers</Filter>
    </ClInclude>
    <ClInclude Include="ZydisParser.h">
      <Filter>Headers</Filter>
    </ClInclude>
    <ClInclude Include="PdbParser.h" />
    <ClInclude Include="GUI\Menu.h" />
    <ClInclude Include="GUI\Window.h" />
    <ClInclude Include="GUI\DirectX.h" />
    <ClInclude Include="Deps\ImGui\imconfig.h" />
    <ClInclude Include="Deps\ImGui\imgui.h" />
    <ClInclude Include="Deps\ImGui\imgui_impl_dx9.h" />
    <ClInclude Include="Deps\ImGui\imgui_impl_win32.h" />
    <ClInclude Include="Deps\ImGui\imgui_internal.h" />
    <ClInclude Include="Deps\ImGui\imstb_rectpack.h" />
    <ClInclude Include="Deps\ImGui\imstb_textedit.h" />
    <ClInclude Include="Deps\ImGui\imstb_truetype.h" />
    <ClInclude Include="Obfuscator.h" />
  </ItemGroup>
  <ItemGroup>
    <Filter Include="Headers">
      <UniqueIdentifier>{da2ce173-7740-49d2-a2c0-1862f9ba0bf7}</UniqueIdentifier>
    </Filter>
    <Filter Include="Deps">
      <UniqueIdentifier>{b81ed0f1-0020-40b0-b245-a5dd8ec887dd}</UniqueIdentifier>
    </Filter>
    <Filter Include="Deps\Zydis">
      <UniqueIdentifier>{c0e7c193-7b7f-475d-bd38-cf526b9fb3b0}</UniqueIdentifier>
    </Filter>
    <Filter Include="Deps\ImGui">
      <UniqueIdentifier>{afc303fc-1048-420f-bdcc-4557b8b32cdc}</UniqueIdentifier>
    </Filter>
  </ItemGroup>
</Project>